
Microsoft Visual Studio Solution File, Format Version 12.00
# Visual Studio Version 16
VisualStudioVersion = 16.0.29806.167
MinimumVisualStudioVersion = 10.0.40219.1
Project("{9A19103F-16F7-4668-BE54-9A1E7A4F7556}") = "NEP5", "NEP5\NEP5.csproj", "{66BABFB1-8884-4083-B058-F15C218BC5F5}"
EndProject
Project("{9A19103F-16F7-4668-BE54-9A1E7A4F7556}") = "APITest", "APITest\APITest.csproj", "{EB72A459-D0D6-42D5-A7A2-A778EF9DA34F}"
EndProject
Project("{9A19103F-16F7-4668-BE54-9A1E7A4F7556}") = "nep5-nep3", "nep5-nep3\nep5-nep3.csproj", "{A3FB05A0-2EAB-4CE8-B01B-1C8D7B8E912F}"
EndProject
Project("{9A19103F-16F7-4668-BE54-9A1E7A4F7556}") = "Template.NEP11.CSharp", "Template.NEP11.CSharp\Template.NEP11.CSharp.csproj", "{DD551FBE-BA35-4E95-85A6-CD6376319299}"
EndProject
Project("{FAE04EC0-301F-11D3-BF4B-00C04F79EFBC}") = "neo2-contract", "neo2-contract\neo2-contract.csproj", "{8ED4934A-27EA-4BE8-B7C5-20EE959F9677}"
EndProject
Project("{9A19103F-16F7-4668-BE54-9A1E7A4F7556}") = "ContractDemo", "ContractDemo\ContractDemo.csproj", "{DDE83F8A-EA91-42FB-8C37-E2AC6D0DECAC}"
EndProject
Project("{9A19103F-16F7-4668-BE54-9A1E7A4F7556}") = "Neo.SmartContract.Framework", "..\..\..\neo_code\neo-devpack-dotnet\src\Neo.SmartContract.Framework\Neo.SmartContract.Framework.csproj", "{074FB9A7-E45E-4F37-BC01-475A28436535}"
EndProject
Global
	GlobalSection(SolutionConfigurationPlatforms) = preSolution
		Debug|Any CPU = Debug|Any CPU
		Release|Any CPU = Release|Any CPU
	EndGlobalSection
	GlobalSection(ProjectConfigurationPlatforms) = postSolution
		{66BABFB1-8884-4083-B058-F15C218BC5F5}.Debug|Any CPU.ActiveCfg = Debug|Any CPU
		{66BABFB1-8884-4083-B058-F15C218BC5F5}.Debug|Any CPU.Build.0 = Debug|Any CPU
		{66BABFB1-8884-4083-B058-F15C218BC5F5}.Release|Any CPU.ActiveCfg = Release|Any CPU
		{66BABFB1-8884-4083-B058-F15C218BC5F5}.Release|Any CPU.Build.0 = Release|Any CPU
		{EB72A459-D0D6-42D5-A7A2-A778EF9DA34F}.Debug|Any CPU.ActiveCfg = Debug|Any CPU
		{EB72A459-D0D6-42D5-A7A2-A778EF9DA34F}.Debug|Any CPU.Build.0 = Debug|Any CPU
		{EB72A459-D0D6-42D5-A7A2-A778EF9DA34F}.Release|Any CPU.ActiveCfg = Release|Any CPU
		{EB72A459-D0D6-42D5-A7A2-A778EF9DA34F}.Release|Any CPU.Build.0 = Release|Any CPU
		{A3FB05A0-2EAB-4CE8-B01B-1C8D7B8E912F}.Debug|Any CPU.ActiveCfg = Debug|Any CPU
		{A3FB05A0-2EAB-4CE8-B01B-1C8D7B8E912F}.Debug|Any CPU.Build.0 = Debug|Any CPU
		{A3FB05A0-2EAB-4CE8-B01B-1C8D7B8E912F}.Release|Any CPU.ActiveCfg = Release|Any CPU
		{A3FB05A0-2EAB-4CE8-B01B-1C8D7B8E912F}.Release|Any CPU.Build.0 = Release|Any CPU
		{DD551FBE-BA35-4E95-85A6-CD6376319299}.Debug|Any CPU.ActiveCfg = Debug|Any CPU
		{DD551FBE-BA35-4E95-85A6-CD6376319299}.Debug|Any CPU.Build.0 = Debug|Any CPU
		{DD551FBE-BA35-4E95-85A6-CD6376319299}.Release|Any CPU.ActiveCfg = Release|Any CPU
		{DD551FBE-BA35-4E95-85A6-CD6376319299}.Release|Any CPU.Build.0 = Release|Any CPU
		{8ED4934A-27EA-4BE8-B7C5-20EE959F9677}.Debug|Any CPU.ActiveCfg = Debug|Any CPU
		{8ED4934A-27EA-4BE8-B7C5-20EE959F9677}.Debug|Any CPU.Build.0 = Debug|Any CPU
		{8ED4934A-27EA-4BE8-B7C5-20EE959F9677}.Release|Any CPU.ActiveCfg = Release|Any CPU
		{8ED4934A-27EA-4BE8-B7C5-20EE959F9677}.Release|Any CPU.Build.0 = Release|Any CPU
		{DDE83F8A-EA91-42FB-8C37-E2AC6D0DECAC}.Debug|Any CPU.ActiveCfg = Debug|Any CPU
		{DDE83F8A-EA91-42FB-8C37-E2AC6D0DECAC}.Debug|Any CPU.Build.0 = Debug|Any CPU
		{DDE83F8A-EA91-42FB-8C37-E2AC6D0DECAC}.Release|Any CPU.ActiveCfg = Release|Any CPU
		{DDE83F8A-EA91-42FB-8C37-E2AC6D0DECAC}.Release|Any CPU.Build.0 = Release|Any CPU
		{074FB9A7-E45E-4F37-BC01-475A28436535}.Debug|Any CPU.ActiveCfg = Debug|Any CPU
		{074FB9A7-E45E-4F37-BC01-475A28436535}.Debug|Any CPU.Build.0 = Debug|Any CPU
		{074FB9A7-E45E-4F37-BC01-475A28436535}.Release|Any CPU.ActiveCfg = Release|Any CPU
		{074FB9A7-E45E-4F37-BC01-475A28436535}.Release|Any CPU.Build.0 = Release|Any CPU
	EndGlobalSection
	GlobalSection(SolutionProperties) = preSolution
		HideSolutionNode = FALSE
	EndGlobalSection
	GlobalSection(ExtensibilityGlobals) = postSolution
		SolutionGuid = {C8C47D17-18E8-46DE-A580-00DE42C88E3A}
	EndGlobalSection
EndGlobal
